// !$*UTF8*$!
{
	archiveVersion = 1;
	classes = {
	};
	objectVersion = 56;
	objects = {

/* Begin PBXBuildFile section */
		DE3C396A2AB6487700D82838 /* RatesStore.swift in Sources */ = {isa = PBXBuildFile; fileRef = DE3C39692AB6487700D82838 /* RatesStore.swift */; };
		DE3C396C2AB64B0F00D82838 /* CurrencyStore.swift in Sources */ = {isa = PBXBuildFile; fileRef = DE3C396B2AB64B0F00D82838 /* CurrencyStore.swift */; };
		DE4B640B2ABC9F2D00D88FFB /* RatesHistoricalDataProvider.swift in Sources */ = {isa = PBXBuildFile; fileRef = DE4B640A2ABC9F2D00D88FFB /* RatesHistoricalDataProvider.swift */; };
		DE4B640E2ABCA0E900D88FFB /* CurrencySymbolsDataProvider.swift in Sources */ = {isa = PBXBuildFile; fileRef = DE4B640D2ABCA0E900D88FFB /* CurrencySymbolsDataProvider.swift */; };
		DE4B64112ABCA75700D88FFB /* RatesFluctuationView.swift in Sources */ = {isa = PBXBuildFile; fileRef = DE4B64102ABCA75700D88FFB /* RatesFluctuationView.swift */; };
		DE9F492F2AB2625100774D16 /* ExchangeRatesApp.swift in Sources */ = {isa = PBXBuildFile; fileRef = DE9F492E2AB2625100774D16 /* ExchangeRatesApp.swift */; };
		DE9F49312AB2625100774D16 /* ContentView.swift in Sources */ = {isa = PBXBuildFile; fileRef = DE9F49302AB2625100774D16 /* ContentView.swift */; };
		DE9F49332AB2625300774D16 /* Assets.xcassets in Resources */ = {isa = PBXBuildFile; fileRef = DE9F49322AB2625300774D16 /* Assets.xcassets */; };
		DE9F49362AB2625300774D16 /* Preview Assets.xcassets in Resources */ = {isa = PBXBuildFile; fileRef = DE9F49352AB2625300774D16 /* Preview Assets.xcassets */; };
		DE9F49402AB2677A00774D16 /* RatesApi.swift in Sources */ = {isa = PBXBuildFile; fileRef = DE9F493F2AB2677A00774D16 /* RatesApi.swift */; };
		DE9F49432AB26A5200774D16 /* RatesRouter.swift in Sources */ = {isa = PBXBuildFile; fileRef = DE9F49422AB26A5200774D16 /* RatesRouter.swift */; };
		DE9F49452AB26A7300774D16 /* CurrencyRouter.swift in Sources */ = {isa = PBXBuildFile; fileRef = DE9F49442AB26A7300774D16 /* CurrencyRouter.swift */; };
		DEA1941C2ABA0D8100978F8A /* DataProviderManager.swift in Sources */ = {isa = PBXBuildFile; fileRef = DEA1941B2ABA0D8100978F8A /* DataProviderManager.swift */; };
		DEA1941F2ABA106200978F8A /* RatesFluctuationDataProvider.swift in Sources */ = {isa = PBXBuildFile; fileRef = DEA1941E2ABA106200978F8A /* RatesFluctuationDataProvider.swift */; };
		DEA8986E2AB36C2400B70E1B /* BaseStore.swift in Sources */ = {isa = PBXBuildFile; fileRef = DEA8986D2AB36C2400B70E1B /* BaseStore.swift */; };
		DEA898712AB36D4300B70E1B /* RatesFluctuationObject.swift in Sources */ = {isa = PBXBuildFile; fileRef = DEA898702AB36D4300B70E1B /* RatesFluctuationObject.swift */; };
		DEA898732AB3742C00B70E1B /* CurrencySymbolObject.swift in Sources */ = {isa = PBXBuildFile; fileRef = DEA898722AB3742C00B70E1B /* CurrencySymbolObject.swift */; };
		DEA898752AB3755000B70E1B /* RatesHistoricalObject.swift in Sources */ = {isa = PBXBuildFile; fileRef = DEA898742AB3755000B70E1B /* RatesHistoricalObject.swift */; };
/* End PBXBuildFile section */

/* Begin PBXFileReference section */
		DE3C39692AB6487700D82838 /* RatesStore.swift */ = {isa = PBXFileReference; lastKnownFileType = sourcecode.swift; path = RatesStore.swift; sourceTree = "<group>"; };
		DE3C396B2AB64B0F00D82838 /* CurrencyStore.swift */ = {isa = PBXFileReference; lastKnownFileType = sourcecode.swift; path = CurrencyStore.swift; sourceTree = "<group>"; };
		DE4B640A2ABC9F2D00D88FFB /* RatesHistoricalDataProvider.swift */ = {isa = PBXFileReference; lastKnownFileType = sourcecode.swift; path = RatesHistoricalDataProvider.swift; sourceTree = "<group>"; };
		DE4B640D2ABCA0E900D88FFB /* CurrencySymbolsDataProvider.swift */ = {isa = PBXFileReference; lastKnownFileType = sourcecode.swift; path = CurrencySymbolsDataProvider.swift; sourceTree = "<group>"; };
		DE4B64102ABCA75700D88FFB /* RatesFluctuationView.swift */ = {isa = PBXFileReference; lastKnownFileType = sourcecode.swift; path = RatesFluctuationView.swift; sourceTree = "<group>"; };
		DE9F492B2AB2625100774D16 /* ExchangeRates.app */ = {isa = PBXFileReference; explicitFileType = wrapper.application; includeInIndex = 0; path = ExchangeRates.app; sourceTree = BUILT_PRODUCTS_DIR; };
		DE9F492E2AB2625100774D16 /* ExchangeRatesApp.swift */ = {isa = PBXFileReference; lastKnownFileType = sourcecode.swift; path = ExchangeRatesApp.swift; sourceTree = "<group>"; };
		DE9F49302AB2625100774D16 /* ContentView.swift */ = {isa = PBXFileReference; lastKnownFileType = sourcecode.swift; path = ContentView.swift; sourceTree = "<group>"; };
		DE9F49322AB2625300774D16 /* Assets.xcassets */ = {isa = PBXFileReference; lastKnownFileType = folder.assetcatalog; path = Assets.xcassets; sourceTree = "<group>"; };
		DE9F49352AB2625300774D16 /* Preview Assets.xcassets */ = {isa = PBXFileReference; lastKnownFileType = folder.assetcatalog; path = "Preview Assets.xcassets"; sourceTree = "<group>"; };
		DE9F493F2AB2677A00774D16 /* RatesApi.swift */ = {isa = PBXFileReference; lastKnownFileType = sourcecode.swift; path = RatesApi.swift; sourceTree = "<group>"; };
		DE9F49422AB26A5200774D16 /* RatesRouter.swift */ = {isa = PBXFileReference; lastKnownFileType = sourcecode.swift; path = RatesRouter.swift; sourceTree = "<group>"; };
		DE9F49442AB26A7300774D16 /* CurrencyRouter.swift */ = {isa = PBXFileReference; lastKnownFileType = sourcecode.swift; path = CurrencyRouter.swift; sourceTree = "<group>"; };
		DEA1941B2ABA0D8100978F8A /* DataProviderManager.swift */ = {isa = PBXFileReference; lastKnownFileType = sourcecode.swift; path = DataProviderManager.swift; sourceTree = "<group>"; };
		DEA1941E2ABA106200978F8A /* RatesFluctuationDataProvider.swift */ = {isa = PBXFileReference; lastKnownFileType = sourcecode.swift; path = RatesFluctuationDataProvider.swift; sourceTree = "<group>"; };
		DEA8986D2AB36C2400B70E1B /* BaseStore.swift */ = {isa = PBXFileReference; lastKnownFileType = sourcecode.swift; path = BaseStore.swift; sourceTree = "<group>"; };
		DEA898702AB36D4300B70E1B /* RatesFluctuationObject.swift */ = {isa = PBXFileReference; lastKnownFileType = sourcecode.swift; path = RatesFluctuationObject.swift; sourceTree = "<group>"; };
		DEA898722AB3742C00B70E1B /* CurrencySymbolObject.swift */ = {isa = PBXFileReference; lastKnownFileType = sourcecode.swift; path = CurrencySymbolObject.swift; sourceTree = "<group>"; };
		DEA898742AB3755000B70E1B /* RatesHistoricalObject.swift */ = {isa = PBXFileReference; lastKnownFileType = sourcecode.swift; path = RatesHistoricalObject.swift; sourceTree = "<group>"; };
/* End PBXFileReference section */

/* Begin PBXFrameworksBuildPhase section */
		DE9F49282AB2625100774D16 /* Frameworks */ = {
			isa = PBXFrameworksBuildPhase;
			buildActionMask = 2147483647;
			files = (
			);
			runOnlyForDeploymentPostprocessing = 0;
		};
/* End PBXFrameworksBuildPhase section */

/* Begin PBXGroup section */
		DE4B640C2ABCA0A600D88FFB /* CurrencySymbolsDataProvider */ = {
			isa = PBXGroup;
			children = (
				DE4B640D2ABCA0E900D88FFB /* CurrencySymbolsDataProvider.swift */,
			);
			path = CurrencySymbolsDataProvider;
			sourceTree = "<group>";
		};
		DE4B640F2ABCA71200D88FFB /* Views */ = {
			isa = PBXGroup;
			children = (
				DE9F49302AB2625100774D16 /* ContentView.swift */,
				DE4B64102ABCA75700D88FFB /* RatesFluctuationView.swift */,
			);
			path = Views;
			sourceTree = "<group>";
		};
		DE9F49222AB2625100774D16 = {
			isa = PBXGroup;
			children = (
				DE9F492D2AB2625100774D16 /* ExchangeRates */,
				DE9F492C2AB2625100774D16 /* Products */,
			);
			sourceTree = "<group>";
		};
		DE9F492C2AB2625100774D16 /* Products */ = {
			isa = PBXGroup;
			children = (
				DE9F492B2AB2625100774D16 /* ExchangeRates.app */,
			);
			name = Products;
			sourceTree = "<group>";
		};
		DE9F492D2AB2625100774D16 /* ExchangeRates */ = {
			isa = PBXGroup;
			children = (
				DE9F493C2AB2636E00774D16 /* DataProviders */,
				DE4B640F2ABCA71200D88FFB /* Views */,
				DE9F492E2AB2625100774D16 /* ExchangeRatesApp.swift */,
				DE9F49322AB2625300774D16 /* Assets.xcassets */,
				DE9F49342AB2625300774D16 /* Preview Content */,
			);
			path = ExchangeRates;
			sourceTree = "<group>";
		};
		DE9F49342AB2625300774D16 /* Preview Content */ = {
			isa = PBXGroup;
			children = (
				DE9F49352AB2625300774D16 /* Preview Assets.xcassets */,
			);
			path = "Preview Content";
			sourceTree = "<group>";
		};
		DE9F493C2AB2636E00774D16 /* DataProviders */ = {
			isa = PBXGroup;
			children = (
				DE4B640C2ABCA0A600D88FFB /* CurrencySymbolsDataProvider */,
				DEA1941D2ABA102F00978F8A /* RatesDataProvider */,
				DE9F493D2AB2638900774D16 /* NetworkRepository */,
				DEA1941B2ABA0D8100978F8A /* DataProviderManager.swift */,
			);
			path = DataProviders;
			sourceTree = "<group>";
		};
		DE9F493D2AB2638900774D16 /* NetworkRepository */ = {
			isa = PBXGroup;
			children = (
				DEA8986F2AB36D1800B70E1B /* Objects */,
				DEA8986C2AB36BFD00B70E1B /* Stores */,
				DE9F49412AB26A2600774D16 /* Routers */,
				DE9F493E2AB2673800774D16 /* APIS */,
			);
			path = NetworkRepository;
			sourceTree = "<group>";
		};
		DE9F493E2AB2673800774D16 /* APIS */ = {
			isa = PBXGroup;
			children = (
				DE9F493F2AB2677A00774D16 /* RatesApi.swift */,
			);
			path = APIS;
			sourceTree = "<group>";
		};
		DE9F49412AB26A2600774D16 /* Routers */ = {
			isa = PBXGroup;
			children = (
				DE9F49422AB26A5200774D16 /* RatesRouter.swift */,
				DE9F49442AB26A7300774D16 /* CurrencyRouter.swift */,
			);
			path = Routers;
			sourceTree = "<group>";
		};
		DEA1941D2ABA102F00978F8A /* RatesDataProvider */ = {
			isa = PBXGroup;
			children = (
				DEA1941E2ABA106200978F8A /* RatesFluctuationDataProvider.swift */,
				DE4B640A2ABC9F2D00D88FFB /* RatesHistoricalDataProvider.swift */,
			);
			path = RatesDataProvider;
			sourceTree = "<group>";
		};
		DEA8986C2AB36BFD00B70E1B /* Stores */ = {
			isa = PBXGroup;
			children = (
				DEA8986D2AB36C2400B70E1B /* BaseStore.swift */,
				DE3C39692AB6487700D82838 /* RatesStore.swift */,
				DE3C396B2AB64B0F00D82838 /* CurrencyStore.swift */,
			);
			path = Stores;
			sourceTree = "<group>";
		};
		DEA8986F2AB36D1800B70E1B /* Objects */ = {
			isa = PBXGroup;
			children = (
				DEA898702AB36D4300B70E1B /* RatesFluctuationObject.swift */,
				DEA898722AB3742C00B70E1B /* CurrencySymbolObject.swift */,
				DEA898742AB3755000B70E1B /* RatesHistoricalObject.swift */,
			);
			path = Objects;
			sourceTree = "<group>";
		};
/* End PBXGroup section */

/* Begin PBXNativeTarget section */
		DE9F492A2AB2625100774D16 /* ExchangeRates */ = {
			isa = PBXNativeTarget;
			buildConfigurationList = DE9F49392AB2625300774D16 /* Build configuration list for PBXNativeTarget "ExchangeRates" */;
			buildPhases = (
				DE9F49272AB2625100774D16 /* Sources */,
				DE9F49282AB2625100774D16 /* Frameworks */,
				DE9F49292AB2625100774D16 /* Resources */,
			);
			buildRules = (
			);
			dependencies = (
			);
			name = ExchangeRates;
			productName = ExchangeRates;
			productReference = DE9F492B2AB2625100774D16 /* ExchangeRates.app */;
			productType = "com.apple.product-type.application";
		};
/* End PBXNativeTarget section */

/* Begin PBXProject section */
		DE9F49232AB2625100774D16 /* Project object */ = {
			isa = PBXProject;
			attributes = {
				BuildIndependentTargetsInParallel = 1;
				LastSwiftUpdateCheck = 1430;
				LastUpgradeCheck = 1430;
				TargetAttributes = {
					DE9F492A2AB2625100774D16 = {
						CreatedOnToolsVersion = 14.3;
					};
				};
			};
			buildConfigurationList = DE9F49262AB2625100774D16 /* Build configuration list for PBXProject "ExchangeRates" */;
			compatibilityVersion = "Xcode 14.0";
			developmentRegion = en;
			hasScannedForEncodings = 0;
			knownRegions = (
				en,
				Base,
			);
			mainGroup = DE9F49222AB2625100774D16;
			productRefGroup = DE9F492C2AB2625100774D16 /* Products */;
			projectDirPath = "";
			projectRoot = "";
			targets = (
				DE9F492A2AB2625100774D16 /* ExchangeRates */,
			);
		};
/* End PBXProject section */

/* Begin PBXResourcesBuildPhase section */
		DE9F49292AB2625100774D16 /* Resources */ = {
			isa = PBXResourcesBuildPhase;
			buildActionMask = 2147483647;
			files = (
				DE9F49362AB2625300774D16 /* Preview Assets.xcassets in Resources */,
				DE9F49332AB2625300774D16 /* Assets.xcassets in Resources */,
			);
			runOnlyForDeploymentPostprocessing = 0;
		};
/* End PBXResourcesBuildPhase section */

/* Begin PBXSourcesBuildPhase section */
		DE9F49272AB2625100774D16 /* Sources */ = {
			isa = PBXSourcesBuildPhase;
			buildActionMask = 2147483647;
			files = (
				DE9F49452AB26A7300774D16 /* CurrencyRouter.swift in Sources */,
				DE9F49432AB26A5200774D16 /* RatesRouter.swift in Sources */,
				DEA8986E2AB36C2400B70E1B /* BaseStore.swift in Sources */,
				DEA898752AB3755000B70E1B /* RatesHistoricalObject.swift in Sources */,
				DE9F49312AB2625100774D16 /* ContentView.swift in Sources */,
				DE9F492F2AB2625100774D16 /* ExchangeRatesApp.swift in Sources */,
				DE4B640B2ABC9F2D00D88FFB /* RatesHistoricalDataProvider.swift in Sources */,
				DEA1941C2ABA0D8100978F8A /* DataProviderManager.swift in Sources */,
				DEA898732AB3742C00B70E1B /* CurrencySymbolObject.swift in Sources */,
				DE3C396A2AB6487700D82838 /* RatesStore.swift in Sources */,
				DE4B640E2ABCA0E900D88FFB /* CurrencySymbolsDataProvider.swift in Sources */,
				DEA898712AB36D4300B70E1B /* RatesFluctuationObject.swift in Sources */,
				DE9F49402AB2677A00774D16 /* RatesApi.swift in Sources */,
				DE4B64112ABCA75700D88FFB /* RatesFluctuationView.swift in Sources */,
				DEA1941F2ABA106200978F8A /* RatesFluctuationDataProvider.swift in Sources */,
				DE3C396C2AB64B0F00D82838 /* CurrencyStore.swift in Sources */,
			);
			runOnlyForDeploymentPostprocessing = 0;
		};
/* End PBXSourcesBuildPhase section */

/* Begin XCBuildConfiguration section */
		DE9F49372AB2625300774D16 /* Debug */ = {
			isa = XCBuildConfiguration;
			buildSettings = {
				ALWAYS_SEARCH_USER_PATHS = NO;
				CLANG_ANALYZER_NONNULL = YES;
				CLANG_ANALYZER_NUMBER_OBJECT_CONVERSION = YES_AGGRESSIVE;
				CLANG_CXX_LANGUAGE_STANDARD = "gnu++20";
				CLANG_ENABLE_MODULES = YES;
				CLANG_ENABLE_OBJC_ARC = YES;
				CLANG_ENABLE_OBJC_WEAK = YES;
				CLANG_WARN_BLOCK_CAPTURE_AUTORELEASING = YES;
				CLANG_WARN_BOOL_CONVERSION = YES;
				CLANG_WARN_COMMA = YES;
				CLANG_WARN_CONSTANT_CONVERSION = YES;
				CLANG_WARN_DEPRECATED_OBJC_IMPLEMENTATIONS = YES;
				CLANG_WARN_DIRECT_OBJC_ISA_USAGE = YES_ERROR;
				CLANG_WARN_DOCUMENTATION_COMMENTS = YES;
				CLANG_WARN_EMPTY_BODY = YES;
				CLANG_WARN_ENUM_CONVERSION = YES;
				CLANG_WARN_INFINITE_RECURSION = YES;
				CLANG_WARN_INT_CONVERSION = YES;
				CLANG_WARN_NON_LITERAL_NULL_CONVERSION = YES;
				CLANG_WARN_OBJC_IMPLICIT_RETAIN_SELF = YES;
				CLANG_WARN_OBJC_LITERAL_CONVERSION = YES;
				CLANG_WARN_OBJC_ROOT_CLASS = YES_ERROR;
				CLANG_WARN_QUOTED_INCLUDE_IN_FRAMEWORK_HEADER = YES;
				CLANG_WARN_RANGE_LOOP_ANALYSIS = YES;
				CLANG_WARN_STRICT_PROTOTYPES = YES;
				CLANG_WARN_SUSPICIOUS_MOVE = YES;
				CLANG_WARN_UNGUARDED_AVAILABILITY = YES_AGGRESSIVE;
				CLANG_WARN_UNREACHABLE_CODE = YES;
				CLANG_WARN__DUPLICATE_METHOD_MATCH = YES;
				COPY_PHASE_STRIP = NO;
				DEBUG_INFORMATION_FORMAT = dwarf;
				ENABLE_STRICT_OBJC_MSGSEND = YES;
				ENABLE_TESTABILITY = YES;
				GCC_C_LANGUAGE_STANDARD = gnu11;
				GCC_DYNAMIC_NO_PIC = NO;
				GCC_NO_COMMON_BLOCKS = YES;
				GCC_OPTIMIZATION_LEVEL = 0;
				GCC_PREPROCESSOR_DEFINITIONS = (
					"DEBUG=1",
					"$(inherited)",
				);
				GCC_WARN_64_TO_32_BIT_CONVERSION = YES;
				GCC_WARN_ABOUT_RETURN_TYPE = YES_ERROR;
				GCC_WARN_UNDECLARED_SELECTOR = YES;
				GCC_WARN_UNINITIALIZED_AUTOS = YES_AGGRESSIVE;
				GCC_WARN_UNUSED_FUNCTION = YES;
				GCC_WARN_UNUSED_VARIABLE = YES;
				IPHONEOS_DEPLOYMENT_TARGET = 16.4;
				MTL_ENABLE_DEBUG_INFO = INCLUDE_SOURCE;
				MTL_FAST_MATH = YES;
				ONLY_ACTIVE_ARCH = YES;
				SDKROOT = iphoneos;
				SWIFT_ACTIVE_COMPILATION_CONDITIONS = DEBUG;
				SWIFT_OPTIMIZATION_LEVEL = "-Onone";
			};
			name = Debug;
		};
		DE9F49382AB2625300774D16 /* Release */ = {
			isa = XCBuildConfiguration;
			buildSettings = {
				ALWAYS_SEARCH_USER_PATHS = NO;
				CLANG_ANALYZER_NONNULL = YES;
				CLANG_ANALYZER_NUMBER_OBJECT_CONVERSION = YES_AGGRESSIVE;
				CLANG_CXX_LANGUAGE_STANDARD = "gnu++20";
				CLANG_ENABLE_MODULES = YES;
				CLANG_ENABLE_OBJC_ARC = YES;
				CLANG_ENABLE_OBJC_WEAK = YES;
				CLANG_WARN_BLOCK_CAPTURE_AUTORELEASING = YES;
				CLANG_WARN_BOOL_CONVERSION = YES;
				CLANG_WARN_COMMA = YES;
				CLANG_WARN_CONSTANT_CONVERSION = YES;
				CLANG_WARN_DEPRECATED_OBJC_IMPLEMENTATIONS = YES;
				CLANG_WARN_DIRECT_OBJC_ISA_USAGE = YES_ERROR;
				CLANG_WARN_DOCUMENTATION_COMMENTS = YES;
				CLANG_WARN_EMPTY_BODY = YES;
				CLANG_WARN_ENUM_CONVERSION = YES;
				CLANG_WARN_INFINITE_RECURSION = YES;
				CLANG_WARN_INT_CONVERSION = YES;
				CLANG_WARN_NON_LITERAL_NULL_CONVERSION = YES;
				CLANG_WARN_OBJC_IMPLICIT_RETAIN_SELF = YES;
				CLANG_WARN_OBJC_LITERAL_CONVERSION = YES;
				CLANG_WARN_OBJC_ROOT_CLASS = YES_ERROR;
				CLANG_WARN_QUOTED_INCLUDE_IN_FRAMEWORK_HEADER = YES;
				CLANG_WARN_RANGE_LOOP_ANALYSIS = YES;
				CLANG_WARN_STRICT_PROTOTYPES = YES;
				CLANG_WARN_SUSPICIOUS_MOVE = YES;
				CLANG_WARN_UNGUARDED_AVAILABILITY = YES_AGGRESSIVE;
				CLANG_WARN_UNREACHABLE_CODE = YES;
				CLANG_WARN__DUPLICATE_METHOD_MATCH = YES;
				COPY_PHASE_STRIP = NO;
				DEBUG_INFORMATION_FORMAT = "dwarf-with-dsym";
				ENABLE_NS_ASSERTIONS = NO;
				ENABLE_STRICT_OBJC_MSGSEND = YES;
				GCC_C_LANGUAGE_STANDARD = gnu11;
				GCC_NO_COMMON_BLOCKS = YES;
				GCC_WARN_64_TO_32_BIT_CONVERSION = YES;
				GCC_WARN_ABOUT_RETURN_TYPE = YES_ERROR;
				GCC_WARN_UNDECLARED_SELECTOR = YES;
				GCC_WARN_UNINITIALIZED_AUTOS = YES_AGGRESSIVE;
				GCC_WARN_UNUSED_FUNCTION = YES;
				GCC_WARN_UNUSED_VARIABLE = YES;
				IPHONEOS_DEPLOYMENT_TARGET = 16.4;
				MTL_ENABLE_DEBUG_INFO = NO;
				MTL_FAST_MATH = YES;
				SDKROOT = iphoneos;
				SWIFT_COMPILATION_MODE = wholemodule;
				SWIFT_OPTIMIZATION_LEVEL = "-O";
				VALIDATE_PRODUCT = YES;
			};
			name = Release;
		};
		DE9F493A2AB2625300774D16 /* Debug */ = {
			isa = XCBuildConfiguration;
			buildSettings = {
				ASSETCATALOG_COMPILER_APPICON_NAME = AppIcon;
				ASSETCATALOG_COMPILER_GLOBAL_ACCENT_COLOR_NAME = AccentColor;
				CODE_SIGN_STYLE = Automatic;
				CURRENT_PROJECT_VERSION = 1;
				DEVELOPMENT_ASSET_PATHS = "\"ExchangeRates/Preview Content\"";
				ENABLE_PREVIEWS = YES;
				GENERATE_INFOPLIST_FILE = YES;
				INFOPLIST_KEY_LSApplicationCategoryType = "public.app-category.finance";
				INFOPLIST_KEY_UIApplicationSceneManifest_Generation = YES;
				INFOPLIST_KEY_UIApplicationSupportsIndirectInputEvents = YES;
				INFOPLIST_KEY_UILaunchScreen_Generation = YES;
				INFOPLIST_KEY_UISupportedInterfaceOrientations = UIInterfaceOrientationPortrait;
				INFOPLIST_KEY_UISupportedInterfaceOrientations_iPad = "UIInterfaceOrientationLandscapeLeft UIInterfaceOrientationLandscapeRight UIInterfaceOrientationPortrait UIInterfaceOrientationPortraitUpsideDown";
				IPHONEOS_DEPLOYMENT_TARGET = 16.0;
				LD_RUNPATH_SEARCH_PATHS = (
					"$(inherited)",
					"@executable_path/Frameworks",
				);
				MARKETING_VERSION = 1.0;
				PRODUCT_BUNDLE_IDENTIFIER = com.natasha.ExchangeRates;
				PRODUCT_NAME = "$(TARGET_NAME)";
				SUPPORTED_PLATFORMS = "iphoneos iphonesimulator";
				SUPPORTS_MACCATALYST = NO;
				SUPPORTS_MAC_DESIGNED_FOR_IPHONE_IPAD = NO;
				SWIFT_EMIT_LOC_STRINGS = YES;
				SWIFT_VERSION = 5.0;
				TARGETED_DEVICE_FAMILY = 1;
			};
			name = Debug;
		};
		DE9F493B2AB2625300774D16 /* Release */ = {
			isa = XCBuildConfiguration;
			buildSettings = {
				ASSETCATALOG_COMPILER_APPICON_NAME = AppIcon;
				ASSETCATALOG_COMPILER_GLOBAL_ACCENT_COLOR_NAME = AccentColor;
				CODE_SIGN_STYLE = Automatic;
				CURRENT_PROJECT_VERSION = 1;
				DEVELOPMENT_ASSET_PATHS = "\"ExchangeRates/Preview Content\"";
				ENABLE_PREVIEWS = YES;
				GENERATE_INFOPLIST_FILE = YES;
				INFOPLIST_KEY_LSApplicationCategoryType = "public.app-category.finance";
				INFOPLIST_KEY_UIApplicationSceneManifest_Generation = YES;
				INFOPLIST_KEY_UIApplicationSupportsIndirectInputEvents = YES;
				INFOPLIST_KEY_UILaunchScreen_Generation = YES;
				INFOPLIST_KEY_UISupportedInterfaceOrientations = UIInterfaceOrientationPortrait;
				INFOPLIST_KEY_UISupportedInterfaceOrientations_iPad = "UIInterfaceOrientationLandscapeLeft UIInterfaceOrientationLandscapeRight UIInterfaceOrientationPortrait UIInterfaceOrientationPortraitUpsideDown";
				IPHONEOS_DEPLOYMENT_TARGET = 16.0;
				LD_RUNPATH_SEARCH_PATHS = (
					"$(inherited)",
					"@executable_path/Frameworks",
				);
				MARKETING_VERSION = 1.0;
				PRODUCT_BUNDLE_IDENTIFIER = com.natasha.ExchangeRates;
				PRODUCT_NAME = "$(TARGET_NAME)";
				SUPPORTED_PLATFORMS = "iphoneos iphonesimulator";
				SUPPORTS_MACCATALYST = NO;
				SUPPORTS_MAC_DESIGNED_FOR_IPHONE_IPAD = NO;
				SWIFT_EMIT_LOC_STRINGS = YES;
				SWIFT_VERSION = 5.0;
				TARGETED_DEVICE_FAMILY = 1;
			};
			name = Release;
		};
/* End XCBuildConfiguration section */

/* Begin XCConfigurationList section */
		DE9F49262AB2625100774D16 /* Build configuration list for PBXProject "ExchangeRates" */ = {
			isa = XCConfigurationList;
			buildConfigurations = (
				DE9F49372AB2625300774D16 /* Debug */,
				DE9F49382AB2625300774D16 /* Release */,
			);
			defaultConfigurationIsVisible = 0;
			defaultConfigurationName = Release;
		};
		DE9F49392AB2625300774D16 /* Build configuration list for PBXNativeTarget "ExchangeRates" */ = {
			isa = XCConfigurationList;
			buildConfigurations = (
				DE9F493A2AB2625300774D16 /* Debug */,
				DE9F493B2AB2625300774D16 /* Release */,
			);
			defaultConfigurationIsVisible = 0;
			defaultConfigurationName = Release;
		};
/* End XCConfigurationList section */
	};
	rootObject = DE9F49232AB2625100774D16 /* Project object */;
}
